Microsoft Visual Studio Solution File, Format Version 12.00
# Visual Studio Version 17
VisualStudioVersion = 17.5.2.0
MinimumVisualStudioVersion = 10.0.40219.1
Project("{FAE04EC0-301F-11D3-BF4B-00C04F79EFBC}") = "TaskManager", "TaskManager.csproj", "{7A939AD4-7A99-1290-6D18-A69CFE313F0A}"
EndProject
Project("{2150E333-8FDC-42A3-9474-1A3956D46DE8}") = "tests", "tests", "{0AB3BF05-4346-4AA6-1389-037BE0695223}"
EndProject
Project("{FAE04EC0-301F-11D3-BF4B-00C04F79EFBC}") = "TaskManager.Tests", "tests\TaskManager.Tests\TaskManager.Tests.csproj", "{7954314B-E188-078A-3191-395584BE3B5D}"
EndProject
Global
GlobalSection(SolutionConfigurationPlatforms) = preSolution
Debug|Any CPU = Debug|Any CPU
Release|Any CPU = Release|Any CPU
EndGlobalSection
GlobalSection(ProjectConfigurationPlatforms) = postSolution
{7A939AD4-7A99-1290-6D18-A69CFE313F0A}.Debug|Any CPU.ActiveCfg = Debug|Any CPU
{7A939AD4-7A99-1290-6D18-A69CFE313F0A}.Debug|Any CPU.Build.0 = Debug|Any CPU
{7A939AD4-7A99-1290-6D18-A69CFE313F0A}.Release|Any CPU.ActiveCfg = Release|Any CPU
{7A939AD4-7A99-1290-6D18-A69CFE313F0A}.Release|Any CPU.Build.0 = Release|Any CPU
{7954314B-E188-078A-3191-395584BE3B5D}.Debug|Any CPU.ActiveCfg = Debug|Any CPU
{7954314B-E188-078A-3191-395584BE3B5D}.Debug|Any CPU.Build.0 = Debug|Any CPU
{7954314B-E188-078A-3191-395584BE3B5D}.Release|Any CPU.ActiveCfg = Release|Any CPU
{7954314B-E188-078A-3191-395584BE3B5D}.Release|Any CPU.Build.0 = Release|Any CPU
EndGlobalSection
GlobalSection(SolutionProperties) = preSolution
HideSolutionNode = FALSE
EndGlobalSection
GlobalSection(NestedProjects) = preSolution
{7954314B-E188-078A-3191-395584BE3B5D} = {0AB3BF05-4346-4AA6-1389-037BE0695223}
EndGlobalSection
GlobalSection(ExtensibilityGlobals) = postSolution
SolutionGuid = {F84FA581-8ADE-4506-A295-C11B40C0ACEA}
EndGlobalSection
EndGlobal